
Microsoft Visual Studio Solution File, Format Version 12.00
# Visual Studio Version 17
VisualStudioVersion = 17.11.35312.102
MinimumVisualStudioVersion = 10.0.40219.1
Project("{9A19103F-16F7-4668-BE54-9A1E7A4F7556}") = "MusicShop", "MusicShop\MusicShop.csproj", "{A33D6A20-C7DA-44DD-AA7C-AF01824DF531}"
EndProject
Project("{9A19103F-16F7-4668-BE54-9A1E7A4F7556}") = "MusicShop.Infrastructure", "MusicShop.Infrastructure\MusicShop.Infrastructure.csproj", "{8A792B2B-B325-488A-AAAB-7224D830DA1A}"
EndProject
Project("{FAE04EC0-301F-11D3-BF4B-00C04F79EFBC}") = "MusicShop.Core", "MusicShop.Core\MusicShop.Core.csproj", "{69F5ED9B-1D5D-4C47-B7C1-D330C3D87CAD}"
EndProject
Global
	GlobalSection(SolutionConfigurationPlatforms) = preSolution
		Debug|Any CPU = Debug|Any CPU
		Release|Any CPU = Release|Any CPU
	EndGlobalSection
	GlobalSection(ProjectConfigurationPlatforms) = postSolution
		{A33D6A20-C7DA-44DD-AA7C-AF01824DF531}.Debug|Any CPU.ActiveCfg = Debug|Any CPU
		{A33D6A20-C7DA-44DD-AA7C-AF01824DF531}.Debug|Any CPU.Build.0 = Debug|Any CPU
		{A33D6A20-C7DA-44DD-AA7C-AF01824DF531}.Release|Any CPU.ActiveCfg = Release|Any CPU
		{A33D6A20-C7DA-44DD-AA7C-AF01824DF531}.Release|Any CPU.Build.0 = Release|Any CPU
		{8A792B2B-B325-488A-AAAB-7224D830DA1A}.Debug|Any CPU.ActiveCfg = Debug|Any CPU
		{8A792B2B-B325-488A-AAAB-7224D830DA1A}.Debug|Any CPU.Build.0 = Debug|Any CPU
		{8A792B2B-B325-488A-AAAB-7224D830DA1A}.Release|Any CPU.ActiveCfg = Release|Any CPU
		{8A792B2B-B325-488A-AAAB-7224D830DA1A}.Release|Any CPU.Build.0 = Release|Any CPU
		{69F5ED9B-1D5D-4C47-B7C1-D330C3D87CAD}.Debug|Any CPU.ActiveCfg = Debug|Any CPU
		{69F5ED9B-1D5D-4C47-B7C1-D330C3D87CAD}.Debug|Any CPU.Build.0 = Debug|Any CPU
		{69F5ED9B-1D5D-4C47-B7C1-D330C3D87CAD}.Release|Any CPU.ActiveCfg = Release|Any CPU
		{69F5ED9B-1D5D-4C47-B7C1-D330C3D87CAD}.Release|Any CPU.Build.0 = Release|Any CPU
	EndGlobalSection
	GlobalSection(SolutionProperties) = preSolution
		HideSolutionNode = FALSE
	EndGlobalSection
	GlobalSection(ExtensibilityGlobals) = postSolution
		SolutionGuid = {1FD4EA39-75F4-4688-830C-457D6452765A}
	EndGlobalSection
EndGlobal
